// !$*UTF8*$!
{
	archiveVersion = 1;
	classes = {
	};
	objectVersion = 50;
	objects = {

/* Begin PBXBuildFile section */
		8478C7F02458A816008AAB80 /* AppDelegate.swift in Sources */ = {isa = PBXBuildFile; fileRef = 8478C7EF2458A816008AAB80 /* AppDelegate.swift */; };
		8478C7F22458A816008AAB80 /* GameScene.sks in Resources */ = {isa = PBXBuildFile; fileRef = 8478C7F12458A816008AAB80 /* GameScene.sks */; };
		8478C7F42458A816008AAB80 /* Actions.sks in Resources */ = {isa = PBXBuildFile; fileRef = 8478C7F32458A816008AAB80 /* Actions.sks */; };
		8478C7F62458A816008AAB80 /* GameScene.swift in Sources */ = {isa = PBXBuildFile; fileRef = 8478C7F52458A816008AAB80 /* GameScene.swift */; };
		8478C7F82458A816008AAB80 /* ViewController.swift in Sources */ = {isa = PBXBuildFile; fileRef = 8478C7F72458A816008AAB80 /* ViewController.swift */; };
		8478C7FA2458A816008AAB80 /* Assets.xcassets in Resources */ = {isa = PBXBuildFile; fileRef = 8478C7F92458A816008AAB80 /* Assets.xcassets */; };
		8478C7FD2458A816008AAB80 /* Main.storyboard in Resources */ = {isa = PBXBuildFile; fileRef = 8478C7FB2458A816008AAB80 /* Main.storyboard */; };
		8478C8092458A817008AAB80 /* SpaceInvaders_v_2_0Tests.swift in Sources */ = {isa = PBXBuildFile; fileRef = 8478C8082458A817008AAB80 /* SpaceInvaders_v_2_0Tests.swift */; };
		8478C8142458A817008AAB80 /* SpaceInvaders_v_2_0UITests.swift in Sources */ = {isa = PBXBuildFile; fileRef = 8478C8132458A817008AAB80 /* SpaceInvaders_v_2_0UITests.swift */; };
		8478C8252458A844008AAB80 /* alien_feuer.m4a in Resources */ = {isa = PBXBuildFile; fileRef = 8478C8212458A843008AAB80 /* alien_feuer.m4a */; };
		8478C8262458A844008AAB80 /* raumschiff_explosion.m4a in Resources */ = {isa = PBXBuildFile; fileRef = 8478C8222458A843008AAB80 /* raumschiff_explosion.m4a */; };
		8478C8272458A844008AAB80 /* alien_explosion.m4a in Resources */ = {isa = PBXBuildFile; fileRef = 8478C8232458A843008AAB80 /* alien_explosion.m4a */; };
		8478C8282458A844008AAB80 /* raumschiff_feuer.m4a in Resources */ = {isa = PBXBuildFile; fileRef = 8478C8242458A844008AAB80 /* raumschiff_feuer.m4a */; };
		8478C82A2458B5B3008AAB80 /* GameLevel1.swift in Sources */ = {isa = PBXBuildFile; fileRef = 8478C8292458B5B3008AAB80 /* GameLevel1.swift */; };
		8478C82E2458C74E008AAB80 /* Raumschiff.swift in Sources */ = {isa = PBXBuildFile; fileRef = 8478C82D2458C74E008AAB80 /* Raumschiff.swift */; };
		8478C8302458D44E008AAB80 /* Alien.swift in Sources */ = {isa = PBXBuildFile; fileRef = 8478C82F2458D44E008AAB80 /* Alien.swift */; };
		8478C832245A1540008AAB80 /* GameLevelEnd.swift in Sources */ = {isa = PBXBuildFile; fileRef = 8478C831245A1540008AAB80 /* GameLevelEnd.swift */; };
		8478C834245A29B1008AAB80 /* alien_explosion.mp3 in Resources */ = {isa = PBXBuildFile; fileRef = 8478C833245A29B1008AAB80 /* alien_explosion.mp3 */; };
		8478C836245A29D3008AAB80 /* raumschiff_feuer.mp3 in Resources */ = {isa = PBXBuildFile; fileRef = 8478C835245A29D3008AAB80 /* raumschiff_feuer.mp3 */; };
/* End PBXBuildFile section */

/* Begin PBXContainerItemProxy section */
		8478C8052458A817008AAB80 /* PBXContainerItemProxy */ = {
			isa = PBXContainerItemProxy;
			containerPortal = 8478C7E42458A816008AAB80 /* Project object */;
			proxyType = 1;
			remoteGlobalIDString = 8478C7EB2458A816008AAB80;
			remoteInfo = SpaceInvaders_v.2.0;
		};
		8478C8102458A817008AAB80 /* PBXContainerItemProxy */ = {
			isa = PBXContainerItemProxy;
			containerPortal = 8478C7E42458A816008AAB80 /* Project object */;
			proxyType = 1;
			remoteGlobalIDString = 8478C7EB2458A816008AAB80;
			remoteInfo = SpaceInvaders_v.2.0;
		};
/* End PBXContainerItemProxy section */

/* Begin PBXFileReference section */
		8478C7EC2458A816008AAB80 /* SpaceInvaders_v.2.0.app */ = {isa = PBXFileReference; explicitFileType = wrapper.application; includeInIndex = 0; path = SpaceInvaders_v.2.0.app; sourceTree = BUILT_PRODUCTS_DIR; };
		8478C7EF2458A816008AAB80 /* AppDelegate.swift */ = {isa = PBXFileReference; lastKnownFileType = sourcecode.swift; path = AppDelegate.swift; sourceTree = "<group>"; };
		8478C7F12458A816008AAB80 /* GameScene.sks */ = {isa = PBXFileReference; lastKnownFileType = file.sks; path = GameScene.sks; sourceTree = "<group>"; };
		8478C7F32458A816008AAB80 /* Actions.sks */ = {isa = PBXFileReference; lastKnownFileType = file.sks; path = Actions.sks; sourceTree = "<group>"; };
		8478C7F52458A816008AAB80 /* GameScene.swift */ = {isa = PBXFileReference; lastKnownFileType = sourcecode.swift; path = GameScene.swift; sourceTree = "<group>"; };
		8478C7F72458A816008AAB80 /* ViewController.swift */ = {isa = PBXFileReference; lastKnownFileType = sourcecode.swift; path = ViewController.swift; sourceTree = "<group>"; };
		8478C7F92458A816008AAB80 /* Assets.xcassets */ = {isa = PBXFileReference; lastKnownFileType = folder.assetcatalog; path = Assets.xcassets; sourceTree = "<group>"; };
		8478C7FC2458A816008AAB80 /* Base */ = {isa = PBXFileReference; lastKnownFileType = file.storyboard; name = Base; path = Base.lproj/Main.storyboard; sourceTree = "<group>"; };
		8478C7FE2458A816008AAB80 /* Info.plist */ = {isa = PBXFileReference; lastKnownFileType = text.plist.xml; path = Info.plist; sourceTree = "<group>"; };
		8478C7FF2458A816008AAB80 /* SpaceInvaders_v_2_0.entitlements */ = {isa = PBXFileReference; lastKnownFileType = text.plist.entitlements; path = SpaceInvaders_v_2_0.entitlements; sourceTree = "<group>"; };
		8478C8042458A817008AAB80 /* SpaceInvaders_v.2.0Tests.xctest */ = {isa = PBXFileReference; explicitFileType = wrapper.cfbundle; includeInIndex = 0; path = SpaceInvaders_v.2.0Tests.xctest; sourceTree = BUILT_PRODUCTS_DIR; };
		8478C8082458A817008AAB80 /* SpaceInvaders_v_2_0Tests.swift */ = {isa = PBXFileReference; lastKnownFileType = sourcecode.swift; path = SpaceInvaders_v_2_0Tests.swift; sourceTree = "<group>"; };
		8478C80A2458A817008AAB80 /* Info.plist */ = {isa = PBXFileReference; lastKnownFileType = text.plist.xml; path = Info.plist; sourceTree = "<group>"; };
		8478C80F2458A817008AAB80 /* SpaceInvaders_v.2.0UITests.xctest */ = {isa = PBXFileReference; explicitFileType = wrapper.cfbundle; includeInIndex = 0; path = SpaceInvaders_v.2.0UITests.xctest; sourceTree = BUILT_PRODUCTS_DIR; };
		8478C8132458A817008AAB80 /* SpaceInvaders_v_2_0UITests.swift */ = {isa = PBXFileReference; lastKnownFileType = sourcecode.swift; path = SpaceInvaders_v_2_0UITests.swift; sourceTree = "<group>"; };
		8478C8152458A817008AAB80 /* Info.plist */ = {isa = PBXFileReference; lastKnownFileType = text.plist.xml; path = Info.plist; sourceTree = "<group>"; };
		8478C8212458A843008AAB80 /* alien_feuer.m4a */ = {isa = PBXFileReference; lastKnownFileType = file; name = alien_feuer.m4a; path = ../../../Beispieldateien/alien_feuer.m4a; sourceTree = "<group>"; };
		8478C8222458A843008AAB80 /* raumschiff_explosion.m4a */ = {isa = PBXFileReference; lastKnownFileType = file; name = raumschiff_explosion.m4a; path = ../../../Beispieldateien/raumschiff_explosion.m4a; sourceTree = "<group>"; };
		8478C8232458A843008AAB80 /* alien_explosion.m4a */ = {isa = PBXFileReference; lastKnownFileType = file; name = alien_explosion.m4a; path = ../../../Beispieldateien/alien_explosion.m4a; sourceTree = "<group>"; };
		8478C8242458A844008AAB80 /* raumschiff_feuer.m4a */ = {isa = PBXFileReference; lastKnownFileType = file; name = raumschiff_feuer.m4a; path = ../../../Beispieldateien/raumschiff_feuer.m4a; sourceTree = "<group>"; };
		8478C8292458B5B3008AAB80 /* GameLevel1.swift */ = {isa = PBXFileReference; lastKnownFileType = sourcecode.swift; path = GameLevel1.swift; sourceTree = "<group>"; };
		8478C82D2458C74E008AAB80 /* Raumschiff.swift */ = {isa = PBXFileReference; lastKnownFileType = sourcecode.swift; path = Raumschiff.swift; sourceTree = "<group>"; };
		8478C82F2458D44E008AAB80 /* Alien.swift */ = {isa = PBXFileReference; lastKnownFileType = sourcecode.swift; path = Alien.swift; sourceTree = "<group>"; };
		8478C831245A1540008AAB80 /* GameLevelEnd.swift */ = {isa = PBXFileReference; lastKnownFileType = sourcecode.swift; path = GameLevelEnd.swift; sourceTree = "<group>"; };
		8478C833245A29B1008AAB80 /* alien_explosion.mp3 */ = {isa = PBXFileReference; lastKnownFileType = audio.mp3; name = alien_explosion.mp3; path = ../../../Beispieldateien/alien_explosion.mp3; sourceTree = "<group>"; };
		8478C835245A29D3008AAB80 /* raumschiff_feuer.mp3 */ = {isa = PBXFileReference; lastKnownFileType = audio.mp3; name = raumschiff_feuer.mp3; path = ../../../Beispieldateien/raumschiff_feuer.mp3; sourceTree = "<group>"; };
/* End PBXFileReference section */

/* Begin PBXFrameworksBuildPhase section */
		8478C7E92458A816008AAB80 /* Frameworks */ = {
			isa = PBXFrameworksBuildPhase;
			buildActionMask = 2147483647;
			files = (
			);
			runOnlyForDeploymentPostprocessing = 0;
		};
		8478C8012458A817008AAB80 /* Frameworks */ = {
			isa = PBXFrameworksBuildPhase;
			buildActionMask = 2147483647;
			files = (
			);
			runOnlyForDeploymentPostprocessing = 0;
		};
		8478C80C2458A817008AAB80 /* Frameworks */ = {
			isa = PBXFrameworksBuildPhase;
			buildActionMask = 2147483647;
			files = (
			);
			runOnlyForDeploymentPostprocessing = 0;
		};
/* End PBXFrameworksBuildPhase section */

/* Begin PBXGroup section */
		8478C7E32458A816008AAB80 = {
			isa = PBXGroup;
			children = (
				8478C7EE2458A816008AAB80 /* SpaceInvaders_v.2.0 */,
				8478C8072458A817008AAB80 /* SpaceInvaders_v.2.0Tests */,
				8478C8122458A817008AAB80 /* SpaceInvaders_v.2.0UITests */,
				8478C7ED2458A816008AAB80 /* Products */,
			);
			sourceTree = "<group>";
		};
		8478C7ED2458A816008AAB80 /* Products */ = {
			isa = PBXGroup;
			children = (
				8478C7EC2458A816008AAB80 /* SpaceInvaders_v.2.0.app */,
				8478C8042458A817008AAB80 /* SpaceInvaders_v.2.0Tests.xctest */,
				8478C80F2458A817008AAB80 /* SpaceInvaders_v.2.0UITests.xctest */,
			);
			name = Products;
			sourceTree = "<group>";
		};
		8478C7EE2458A816008AAB80 /* SpaceInvaders_v.2.0 */ = {
			isa = PBXGroup;
			children = (
				8478C7EF2458A816008AAB80 /* AppDelegate.swift */,
				8478C7F12458A816008AAB80 /* GameScene.sks */,
				8478C7F32458A816008AAB80 /* Actions.sks */,
				8478C8292458B5B3008AAB80 /* GameLevel1.swift */,
				8478C831245A1540008AAB80 /* GameLevelEnd.swift */,
				8478C7F52458A816008AAB80 /* GameScene.swift */,
				8478C82D2458C74E008AAB80 /* Raumschiff.swift */,
				8478C82F2458D44E008AAB80 /* Alien.swift */,
				8478C7F72458A816008AAB80 /* ViewController.swift */,
				8478C7F92458A816008AAB80 /* Assets.xcassets */,
				8478C833245A29B1008AAB80 /* alien_explosion.mp3 */,
				8478C835245A29D3008AAB80 /* raumschiff_feuer.mp3 */,
				8478C8232458A843008AAB80 /* alien_explosion.m4a */,
				8478C8212458A843008AAB80 /* alien_feuer.m4a */,
				8478C8222458A843008AAB80 /* raumschiff_explosion.m4a */,
				8478C8242458A844008AAB80 /* raumschiff_feuer.m4a */,
				8478C7FB2458A816008AAB80 /* Main.storyboard */,
				8478C7FE2458A816008AAB80 /* Info.plist */,
				8478C7FF2458A816008AAB80 /* SpaceInvaders_v_2_0.entitlements */,
			);
			path = SpaceInvaders_v.2.0;
			sourceTree = "<group>";
		};
		8478C8072458A817008AAB80 /* SpaceInvaders_v.2.0Tests */ = {
			isa = PBXGroup;
			children = (
				8478C8082458A817008AAB80 /* SpaceInvaders_v_2_0Tests.swift */,
				8478C80A2458A817008AAB80 /* Info.plist */,
			);
			path = SpaceInvaders_v.2.0Tests;
			sourceTree = "<group>";
		};
		8478C8122458A817008AAB80 /* SpaceInvaders_v.2.0UITests */ = {
			isa = PBXGroup;
			children = (
				8478C8132458A817008AAB80 /* SpaceInvaders_v_2_0UITests.swift */,
				8478C8152458A817008AAB80 /* Info.plist */,
			);
			path = SpaceInvaders_v.2.0UITests;
			sourceTree = "<group>";
		};
/* End PBXGroup section */

/* Begin PBXNativeTarget section */
		8478C7EB2458A816008AAB80 /* SpaceInvaders_v.2.0 */ = {
			isa = PBXNativeTarget;
			buildConfigurationList = 8478C8182458A817008AAB80 /* Build configuration list for PBXNativeTarget "SpaceInvaders_v.2.0" */;
			buildPhases = (
				8478C7E82458A816008AAB80 /* Sources */,
				8478C7E92458A816008AAB80 /* Frameworks */,
				8478C7EA2458A816008AAB80 /* Resources */,
			);
			buildRules = (
			);
			dependencies = (
			);
			name = SpaceInvaders_v.2.0;
			productName = SpaceInvaders_v.2.0;
			productReference = 8478C7EC2458A816008AAB80 /* SpaceInvaders_v.2.0.app */;
			productType = "com.apple.product-type.application";
		};
		8478C8032458A817008AAB80 /* SpaceInvaders_v.2.0Tests */ = {
			isa = PBXNativeTarget;
			buildConfigurationList = 8478C81B2458A817008AAB80 /* Build configuration list for PBXNativeTarget "SpaceInvaders_v.2.0Tests" */;
			buildPhases = (
				8478C8002458A817008AAB80 /* Sources */,
				8478C8012458A817008AAB80 /* Frameworks */,
				8478C8022458A817008AAB80 /* Resources */,
			);
			buildRules = (
			);
			dependencies = (
				8478C8062458A817008AAB80 /* PBXTargetDependency */,
			);
			name = SpaceInvaders_v.2.0Tests;
			productName = SpaceInvaders_v.2.0Tests;
			productReference = 8478C8042458A817008AAB80 /* SpaceInvaders_v.2.0Tests.xctest */;
			productType = "com.apple.product-type.bundle.unit-test";
		};
		8478C80E2458A817008AAB80 /* SpaceInvaders_v.2.0UITests */ = {
			isa = PBXNativeTarget;
			buildConfigurationList = 8478C81E2458A817008AAB80 /* Build configuration list for PBXNativeTarget "SpaceInvaders_v.2.0UITests" */;
			buildPhases = (
				8478C80B2458A817008AAB80 /* Sources */,
				8478C80C2458A817008AAB80 /* Frameworks */,
				8478C80D2458A817008AAB80 /* Resources */,
			);
			buildRules = (
			);
			dependencies = (
				8478C8112458A817008AAB80 /* PBXTargetDependency */,
			);
			name = SpaceInvaders_v.2.0UITests;
			productName = SpaceInvaders_v.2.0UITests;
			productReference = 8478C80F2458A817008AAB80 /* SpaceInvaders_v.2.0UITests.xctest */;
			productType = "com.apple.product-type.bundle.ui-testing";
		};
/* End PBXNativeTarget section */

/* Begin PBXProject section */
		8478C7E42458A816008AAB80 /* Project object */ = {
			isa = PBXProject;
			attributes = {
				LastSwiftUpdateCheck = 1140;
				LastUpgradeCheck = 1140;
				ORGANIZATIONNAME = "Iman Kefayati";
				TargetAttributes = {
					8478C7EB2458A816008AAB80 = {
						CreatedOnToolsVersion = 11.4.1;
					};
					8478C8032458A817008AAB80 = {
						CreatedOnToolsVersion = 11.4.1;
						TestTargetID = 8478C7EB2458A816008AAB80;
					};
					8478C80E2458A817008AAB80 = {
						CreatedOnToolsVersion = 11.4.1;
						TestTargetID = 8478C7EB2458A816008AAB80;
					};
				};
			};
			buildConfigurationList = 8478C7E72458A816008AAB80 /* Build configuration list for PBXProject "SpaceInvaders_v.2.0" */;
			compatibilityVersion = "Xcode 9.3";
			developmentRegion = en;
			hasScannedForEncodings = 0;
			knownRegions = (
				en,
				Base,
			);
			mainGroup = 8478C7E32458A816008AAB80;
			productRefGroup = 8478C7ED2458A816008AAB80 /* Products */;
			projectDirPath = "";
			projectRoot = "";
			targets = (
				8478C7EB2458A816008AAB80 /* SpaceInvaders_v.2.0 */,
				8478C8032458A817008AAB80 /* SpaceInvaders_v.2.0Tests */,
				8478C80E2458A817008AAB80 /* SpaceInvaders_v.2.0UITests */,
			);
		};
/* End PBXProject section */

/* Begin PBXResourcesBuildPhase section */
		8478C7EA2458A816008AAB80 /* Resources */ = {
			isa = PBXResourcesBuildPhase;
			buildActionMask = 2147483647;
			files = (
				8478C7F22458A816008AAB80 /* GameScene.sks in Resources */,
				8478C8252458A844008AAB80 /* alien_feuer.m4a in Resources */,
				8478C8282458A844008AAB80 /* raumschiff_feuer.m4a in Resources */,
				8478C7FA2458A816008AAB80 /* Assets.xcassets in Resources */,
				8478C834245A29B1008AAB80 /* alien_explosion.mp3 in Resources */,
				8478C7F42458A816008AAB80 /* Actions.sks in Resources */,
				8478C8262458A844008AAB80 /* raumschiff_explosion.m4a in Resources */,
				8478C7FD2458A816008AAB80 /* Main.storyboard in Resources */,
				8478C836245A29D3008AAB80 /* raumschiff_feuer.mp3 in Resources */,
				8478C8272458A844008AAB80 /* alien_explosion.m4a in Resources */,
			);
			runOnlyForDeploymentPostprocessing = 0;
		};
		8478C8022458A817008AAB80 /* Resources */ = {
			isa = PBXResourcesBuildPhase;
			buildActionMask = 2147483647;
			files = (
			);
			runOnlyForDeploymentPostprocessing = 0;
		};
		8478C80D2458A817008AAB80 /* Resources */ = {
			isa = PBXResourcesBuildPhase;
			buildActionMask = 2147483647;
			files = (
			);
			runOnlyForDeploymentPostprocessing = 0;
		};
/* End PBXResourcesBuildPhase section */

/* Begin PBXSourcesBuildPhase section */
		8478C7E82458A816008AAB80 /* Sources */ = {
			isa = PBXSourcesBuildPhase;
			buildActionMask = 2147483647;
			files = (
				8478C7F82458A816008AAB80 /* ViewController.swift in Sources */,
				8478C82E2458C74E008AAB80 /* Raumschiff.swift in Sources */,
				8478C832245A1540008AAB80 /* GameLevelEnd.swift in Sources */,
				8478C7F62458A816008AAB80 /* GameScene.swift in Sources */,
				8478C8302458D44E008AAB80 /* Alien.swift in Sources */,
				8478C82A2458B5B3008AAB80 /* GameLevel1.swift in Sources */,
				8478C7F02458A816008AAB80 /* AppDelegate.swift in Sources */,
			);
			runOnlyForDeploymentPostprocessing = 0;
		};
		8478C8002458A817008AAB80 /* Sources */ = {
			isa = PBXSourcesBuildPhase;
			buildActionMask = 2147483647;
			files = (
				8478C8092458A817008AAB80 /* SpaceInvaders_v_2_0Tests.swift in Sources */,
			);
			runOnlyForDeploymentPostprocessing = 0;
		};
		8478C80B2458A817008AAB80 /* Sources */ = {
			isa = PBXSourcesBuildPhase;
			buildActionMask = 2147483647;
			files = (
				8478C8142458A817008AAB80 /* SpaceInvaders_v_2_0UITests.swift in Sources */,
			);
			runOnlyForDeploymentPostprocessing = 0;
		};
/* End PBXSourcesBuildPhase section */

/* Begin PBXTargetDependency section */
		8478C8062458A817008AAB80 /* PBXTargetDependency */ = {
			isa = PBXTargetDependency;
			target = 8478C7EB2458A816008AAB80 /* SpaceInvaders_v.2.0 */;
			targetProxy = 8478C8052458A817008AAB80 /* PBXContainerItemProxy */;
		};
		8478C8112458A817008AAB80 /* PBXTargetDependency */ = {
			isa = PBXTargetDependency;
			target = 8478C7EB2458A816008AAB80 /* SpaceInvaders_v.2.0 */;
			targetProxy = 8478C8102458A817008AAB80 /* PBXContainerItemProxy */;
		};
/* End PBXTargetDependency section */

/* Begin PBXVariantGroup section */
		8478C7FB2458A816008AAB80 /* Main.storyboard */ = {
			isa = PBXVariantGroup;
			children = (
				8478C7FC2458A816008AAB80 /* Base */,
			);
			name = Main.storyboard;
			sourceTree = "<group>";
		};
/* End PBXVariantGroup section */

/* Begin XCBuildConfiguration section */
		8478C8162458A817008AAB80 /* Debug */ = {
			isa = XCBuildConfiguration;
			buildSettings = {
				ALWAYS_SEARCH_USER_PATHS = NO;
				CLANG_ANALYZER_NONNULL = YES;
				CLANG_ANALYZER_NUMBER_OBJECT_CONVERSION = YES_AGGRESSIVE;
				CLANG_CXX_LANGUAGE_STANDARD = "gnu++14";
				CLANG_CXX_LIBRARY = "libc++";
				CLANG_ENABLE_MODULES = YES;
				CLANG_ENABLE_OBJC_ARC = YES;
				CLANG_ENABLE_OBJC_WEAK = YES;
				CLANG_WARN_BLOCK_CAPTURE_AUTORELEASING = YES;
				CLANG_WARN_BOOL_CONVERSION = YES;
				CLANG_WARN_COMMA = YES;
				CLANG_WARN_CONSTANT_CONVERSION = YES;
				CLANG_WARN_DEPRECATED_OBJC_IMPLEMENTATIONS = YES;
				CLANG_WARN_DIRECT_OBJC_ISA_USAGE = YES_ERROR;
				CLANG_WARN_DOCUMENTATION_COMMENTS = YES;
				CLANG_WARN_EMPTY_BODY = YES;
				CLANG_WARN_ENUM_CONVERSION = YES;
				CLANG_WARN_INFINITE_RECURSION = YES;
				CLANG_WARN_INT_CONVERSION = YES;
				CLANG_WARN_NON_LITERAL_NULL_CONVERSION = YES;
				CLANG_WARN_OBJC_IMPLICIT_RETAIN_SELF = YES;
				CLANG_WARN_OBJC_LITERAL_CONVERSION = YES;
				CLANG_WARN_OBJC_ROOT_CLASS = YES_ERROR;
				CLANG_WARN_RANGE_LOOP_ANALYSIS = YES;
				CLANG_WARN_STRICT_PROTOTYPES = YES;
				CLANG_WARN_SUSPICIOUS_MOVE = YES;
				CLANG_WARN_UNGUARDED_AVAILABILITY = YES_AGGRESSIVE;
				CLANG_WARN_UNREACHABLE_CODE = YES;
				CLANG_WARN__DUPLICATE_METHOD_MATCH = YES;
				COPY_PHASE_STRIP = NO;
				DEBUG_INFORMATION_FORMAT = dwarf;
				ENABLE_STRICT_OBJC_MSGSEND = YES;
				ENABLE_TESTABILITY = YES;
				GCC_C_LANGUAGE_STANDARD = gnu11;
				GCC_DYNAMIC_NO_PIC = NO;
				GCC_NO_COMMON_BLOCKS = YES;
				GCC_OPTIMIZATION_LEVEL = 0;
				GCC_PREPROCESSOR_DEFINITIONS = (
					"DEBUG=1",
					"$(inherited)",
				);
				GCC_WARN_64_TO_32_BIT_CONVERSION = YES;
				GCC_WARN_ABOUT_RETURN_TYPE = YES_ERROR;
				GCC_WARN_UNDECLARED_SELECTOR = YES;
				GCC_WARN_UNINITIALIZED_AUTOS = YES_AGGRESSIVE;
				GCC_WARN_UNUSED_FUNCTION = YES;
				GCC_WARN_UNUSED_VARIABLE = YES;
				MACOSX_DEPLOYMENT_TARGET = 10.15;
				MTL_ENABLE_DEBUG_INFO = INCLUDE_SOURCE;
				MTL_FAST_MATH = YES;
				ONLY_ACTIVE_ARCH = YES;
				SDKROOT = macosx;
				SWIFT_ACTIVE_COMPILATION_CONDITIONS = DEBUG;
				SWIFT_OPTIMIZATION_LEVEL = "-Onone";
			};
			name = Debug;
		};
		8478C8172458A817008AAB80 /* Release */ = {
			isa = XCBuildConfiguration;
			buildSettings = {
				ALWAYS_SEARCH_USER_PATHS = NO;
				CLANG_ANALYZER_NONNULL = YES;
				CLANG_ANALYZER_NUMBER_OBJECT_CONVERSION = YES_AGGRESSIVE;
				CLANG_CXX_LANGUAGE_STANDARD = "gnu++14";
				CLANG_CXX_LIBRARY = "libc++";
				CLANG_ENABLE_MODULES = YES;
				CLANG_ENABLE_OBJC_ARC = YES;
				CLANG_ENABLE_OBJC_WEAK = YES;
				CLANG_WARN_BLOCK_CAPTURE_AUTORELEASING = YES;
				CLANG_WARN_BOOL_CONVERSION = YES;
				CLANG_WARN_COMMA = YES;
				CLANG_WARN_CONSTANT_CONVERSION = YES;
				CLANG_WARN_DEPRECATED_OBJC_IMPLEMENTATIONS = YES;
				CLANG_WARN_DIRECT_OBJC_ISA_USAGE = YES_ERROR;
				CLANG_WARN_DOCUMENTATION_COMMENTS = YES;
				CLANG_WARN_EMPTY_BODY = YES;
				CLANG_WARN_ENUM_CONVERSION = YES;
				CLANG_WARN_INFINITE_RECURSION = YES;
				CLANG_WARN_INT_CONVERSION = YES;
				CLANG_WARN_NON_LITERAL_NULL_CONVERSION = YES;
				CLANG_WARN_OBJC_IMPLICIT_RETAIN_SELF = YES;
				CLANG_WARN_OBJC_LITERAL_CONVERSION = YES;
				CLANG_WARN_OBJC_ROOT_CLASS = YES_ERROR;
				CLANG_WARN_RANGE_LOOP_ANALYSIS = YES;
				CLANG_WARN_STRICT_PROTOTYPES = YES;
				CLANG_WARN_SUSPICIOUS_MOVE = YES;
				CLANG_WARN_UNGUARDED_AVAILABILITY = YES_AGGRESSIVE;
				CLANG_WARN_UNREACHABLE_CODE = YES;
				CLANG_WARN__DUPLICATE_METHOD_MATCH = YES;
				COPY_PHASE_STRIP = NO;
				DEBUG_INFORMATION_FORMAT = "dwarf-with-dsym";
				ENABLE_NS_ASSERTIONS = NO;
				ENABLE_STRICT_OBJC_MSGSEND = YES;
				GCC_C_LANGUAGE_STANDARD = gnu11;
				GCC_NO_COMMON_BLOCKS = YES;
				GCC_WARN_64_TO_32_BIT_CONVERSION = YES;
				GCC_WARN_ABOUT_RETURN_TYPE = YES_ERROR;
				GCC_WARN_UNDECLARED_SELECTOR = YES;
				GCC_WARN_UNINITIALIZED_AUTOS = YES_AGGRESSIVE;
				GCC_WARN_UNUSED_FUNCTION = YES;
				GCC_WARN_UNUSED_VARIABLE = YES;
				MACOSX_DEPLOYMENT_TARGET = 10.15;
				MTL_ENABLE_DEBUG_INFO = NO;
				MTL_FAST_MATH = YES;
				SDKROOT = macosx;
				SWIFT_COMPILATION_MODE = wholemodule;
				SWIFT_OPTIMIZATION_LEVEL = "-O";
			};
			name = Release;
		};
		8478C8192458A817008AAB80 /* Debug */ = {
			isa = XCBuildConfiguration;
			buildSettings = {
				ASSETCATALOG_COMPILER_APPICON_NAME = AppIcon;
				CODE_SIGN_ENTITLEMENTS = SpaceInvaders_v.2.0/SpaceInvaders_v_2_0.entitlements;
				CODE_SIGN_STYLE = Automatic;
				COMBINE_HIDPI_IMAGES = YES;
				DEVELOPMENT_TEAM = 29TEBDL853;
				ENABLE_HARDENED_RUNTIME = YES;
				INFOPLIST_FILE = SpaceInvaders_v.2.0/Info.plist;
				LD_RUNPATH_SEARCH_PATHS = (
					"$(inherited)",
					"@executable_path/../Frameworks",
				);
				PRODUCT_BUNDLE_IDENTIFIER = "IK.SpaceInvaders-v-2-0";
				PRODUCT_NAME = "$(TARGET_NAME)";
				SWIFT_VERSION = 5.0;
			};
			name = Debug;
		};
		8478C81A2458A817008AAB80 /* Release */ = {
			isa = XCBuildConfiguration;
			buildSettings = {
				ASSETCATALOG_COMPILER_APPICON_NAME = AppIcon;
				CODE_SIGN_ENTITLEMENTS = SpaceInvaders_v.2.0/SpaceInvaders_v_2_0.entitlements;
				CODE_SIGN_STYLE = Automatic;
				COMBINE_HIDPI_IMAGES = YES;
				DEVELOPMENT_TEAM = 29TEBDL853;
				ENABLE_HARDENED_RUNTIME = YES;
				INFOPLIST_FILE = SpaceInvaders_v.2.0/Info.plist;
				LD_RUNPATH_SEARCH_PATHS = (
					"$(inherited)",
					"@executable_path/../Frameworks",
				);
				PRODUCT_BUNDLE_IDENTIFIER = "IK.SpaceInvaders-v-2-0";
				PRODUCT_NAME = "$(TARGET_NAME)";
				SWIFT_VERSION = 5.0;
			};
			name = Release;
		};
		8478C81C2458A817008AAB80 /* Debug */ = {
			isa = XCBuildConfiguration;
			buildSettings = {
				ALWAYS_EMBED_SWIFT_STANDARD_LIBRARIES = YES;
				BUNDLE_LOADER = "$(TEST_HOST)";
				CODE_SIGN_STYLE = Automatic;
				COMBINE_HIDPI_IMAGES = YES;
				DEVELOPMENT_TEAM = 29TEBDL853;
				INFOPLIST_FILE = SpaceInvaders_v.2.0Tests/Info.plist;
				LD_RUNPATH_SEARCH_PATHS = (
					"$(inherited)",
					"@executable_path/../Frameworks",
					"@loader_path/../Frameworks",
				);
				MACOSX_DEPLOYMENT_TARGET = 10.15;
				PRODUCT_BUNDLE_IDENTIFIER = "IK.SpaceInvaders-v-2-0Tests";
				PRODUCT_NAME = "$(TARGET_NAME)";
				SWIFT_VERSION = 5.0;
				TEST_HOST = "$(BUILT_PRODUCTS_DIR)/SpaceInvaders_v.2.0.app/Contents/MacOS/SpaceInvaders_v.2.0";
			};
			name = Debug;
		};
		8478C81D2458A817008AAB80 /* Release */ = {
			isa = XCBuildConfiguration;
			buildSettings = {
				ALWAYS_EMBED_SWIFT_STANDARD_LIBRARIES = YES;
				BUNDLE_LOADER = "$(TEST_HOST)";
				CODE_SIGN_STYLE = Automatic;
				COMBINE_HIDPI_IMAGES = YES;
				DEVELOPMENT_TEAM = 29TEBDL853;
				INFOPLIST_FILE = SpaceInvaders_v.2.0Tests/Info.plist;
				LD_RUNPATH_SEARCH_PATHS = (
					"$(inherited)",
					"@executable_path/../Frameworks",
					"@loader_path/../Frameworks",
				);
				MACOSX_DEPLOYMENT_TARGET = 10.15;
				PRODUCT_BUNDLE_IDENTIFIER = "IK.SpaceInvaders-v-2-0Tests";
				PRODUCT_NAME = "$(TARGET_NAME)";
				SWIFT_VERSION = 5.0;
				TEST_HOST = "$(BUILT_PRODUCTS_DIR)/SpaceInvaders_v.2.0.app/Contents/MacOS/SpaceInvaders_v.2.0";
			};
			name = Release;
		};
		8478C81F2458A817008AAB80 /* Debug */ = {
			isa = XCBuildConfiguration;
			buildSettings = {
				ALWAYS_EMBED_SWIFT_STANDARD_LIBRARIES = YES;
				CODE_SIGN_STYLE = Automatic;
				COMBINE_HIDPI_IMAGES = YES;
				DEVELOPMENT_TEAM = 29TEBDL853;
				INFOPLIST_FILE = SpaceInvaders_v.2.0UITests/Info.plist;
				LD_RUNPATH_SEARCH_PATHS = (
					"$(inherited)",
					"@executable_path/../Frameworks",
					"@loader_path/../Frameworks",
				);
				PRODUCT_BUNDLE_IDENTIFIER = "IK.SpaceInvaders-v-2-0UITests";
				PRODUCT_NAME = "$(TARGET_NAME)";
				SWIFT_VERSION = 5.0;
				TEST_TARGET_NAME = SpaceInvaders_v.2.0;
			};
			name = Debug;
		};
		8478C8202458A817008AAB80 /* Release */ = {
			isa = XCBuildConfiguration;
			buildSettings = {
				ALWAYS_EMBED_SWIFT_STANDARD_LIBRARIES = YES;
				CODE_SIGN_STYLE = Automatic;
				COMBINE_HIDPI_IMAGES = YES;
				DEVELOPMENT_TEAM = 29TEBDL853;
				INFOPLIST_FILE = SpaceInvaders_v.2.0UITests/Info.plist;
				LD_RUNPATH_SEARCH_PATHS = (
					"$(inherited)",
					"@executable_path/../Frameworks",
					"@loader_path/../Frameworks",
				);
				PRODUCT_BUNDLE_IDENTIFIER = "IK.SpaceInvaders-v-2-0UITests";
				PRODUCT_NAME = "$(TARGET_NAME)";
				SWIFT_VERSION = 5.0;
				TEST_TARGET_NAME = SpaceInvaders_v.2.0;
			};
			name = Release;
		};
/* End XCBuildConfiguration section */

/* Begin XCConfigurationList section */
		8478C7E72458A816008AAB80 /* Build configuration list for PBXProject "SpaceInvaders_v.2.0" */ = {
			isa = XCConfigurationList;
			buildConfigurations = (
				8478C8162458A817008AAB80 /* Debug */,
				8478C8172458A817008AAB80 /* Release */,
			);
			defaultConfigurationIsVisible = 0;
			defaultConfigurationName = Release;
		};
		8478C8182458A817008AAB80 /* Build configuration list for PBXNativeTarget "SpaceInvaders_v.2.0" */ = {
			isa = XCConfigurationList;
			buildConfigurations = (
				8478C8192458A817008AAB80 /* Debug */,
				8478C81A2458A817008AAB80 /* Release */,
			);
			defaultConfigurationIsVisible = 0;
			defaultConfigurationName = Release;
		};
		8478C81B2458A817008AAB80 /* Build configuration list for PBXNativeTarget "SpaceInvaders_v.2.0Tests" */ = {
			isa = XCConfigurationList;
			buildConfigurations = (
				8478C81C2458A817008AAB80 /* Debug */,
				8478C81D2458A817008AAB80 /* Release */,
			);
			defaultConfigurationIsVisible = 0;
			defaultConfigurationName = Release;
		};
		8478C81E2458A817008AAB80 /* Build configuration list for PBXNativeTarget "SpaceInvaders_v.2.0UITests" */ = {
			isa = XCConfigurationList;
			buildConfigurations = (
				8478C81F2458A817008AAB80 /* Debug */,
				8478C8202458A817008AAB80 /* Release */,
			);
			defaultConfigurationIsVisible = 0;
			defaultConfigurationName = Release;
		};
/* End XCConfigurationList section */
	};
	rootObject = 8478C7E42458A816008AAB80 /* Project object */;
}
